
Microsoft Visual Studio Solution File, Format Version 12.00
# Visual Studio Version 16
VisualStudioVersion = 16.0.31424.327
MinimumVisualStudioVersion = 10.0.40219.1
Project("{FAE04EC0-301F-11D3-BF4B-00C04F79EFBC}") = "ABranchPrediction", "ABranchPrediction\ABranchPrediction.csproj", "{3A490BB9-ABF1-4D82-BBB2-17E76419EA1A}"
EndProject
Project("{FAE04EC0-301F-11D3-BF4B-00C04F79EFBC}") = "BFirstThread", "BFirstThread\BFirstThread.csproj", "{F469A9DE-F9F2-44F7-A2CC-A231FF3E7B75}"
EndProject
Project("{FAE04EC0-301F-11D3-BF4B-00C04F79EFBC}") = "CTask1", "CTask1\CTask1.csproj", "{19EDE94F-8591-49CB-B366-094F38E51D7C}"
EndProject
Global
	GlobalSection(SolutionConfigurationPlatforms) = preSolution
		Debug|Any CPU = Debug|Any CPU
		Release|Any CPU = Release|Any CPU
	EndGlobalSection
	GlobalSection(ProjectConfigurationPlatforms) = postSolution
		{3A490BB9-ABF1-4D82-BBB2-17E76419EA1A}.Debug|Any CPU.ActiveCfg = Debug|Any CPU
		{3A490BB9-ABF1-4D82-BBB2-17E76419EA1A}.Debug|Any CPU.Build.0 = Debug|Any CPU
		{3A490BB9-ABF1-4D82-BBB2-17E76419EA1A}.Release|Any CPU.ActiveCfg = Release|Any CPU
		{3A490BB9-ABF1-4D82-BBB2-17E76419EA1A}.Release|Any CPU.Build.0 = Release|Any CPU
		{F469A9DE-F9F2-44F7-A2CC-A231FF3E7B75}.Debug|Any CPU.ActiveCfg = Debug|Any CPU
		{F469A9DE-F9F2-44F7-A2CC-A231FF3E7B75}.Debug|Any CPU.Build.0 = Debug|Any CPU
		{F469A9DE-F9F2-44F7-A2CC-A231FF3E7B75}.Release|Any CPU.ActiveCfg = Release|Any CPU
		{F469A9DE-F9F2-44F7-A2CC-A231FF3E7B75}.Release|Any CPU.Build.0 = Release|Any CPU
		{19EDE94F-8591-49CB-B366-094F38E51D7C}.Debug|Any CPU.ActiveCfg = Debug|Any CPU
		{19EDE94F-8591-49CB-B366-094F38E51D7C}.Debug|Any CPU.Build.0 = Debug|Any CPU
		{19EDE94F-8591-49CB-B366-094F38E51D7C}.Release|Any CPU.ActiveCfg = Release|Any CPU
		{19EDE94F-8591-49CB-B366-094F38E51D7C}.Release|Any CPU.Build.0 = Release|Any CPU
	EndGlobalSection
	GlobalSection(SolutionProperties) = preSolution
		HideSolutionNode = FALSE
	EndGlobalSection
	GlobalSection(ExtensibilityGlobals) = postSolution
		SolutionGuid = {15A1BA10-AD68-46D4-B07B-858D23EB72F6}
	EndGlobalSection
EndGlobal
