
Microsoft Visual Studio Solution File, Format Version 12.00
# Visual Studio Version 17
VisualStudioVersion = 17.0.31903.59
MinimumVisualStudioVersion = 10.0.40219.1
Project("{9A19103F-16F7-4668-BE54-9A1E7A4F7556}") = "ASomeTalks", "ASomeTalks\ASomeTalks.csproj", "{1D6356E3-A761-4996-B59B-0C35EB742A96}"
EndProject
Project("{9A19103F-16F7-4668-BE54-9A1E7A4F7556}") = "BOnlineShop", "BOnlineShop\BOnlineShop.csproj", "{CF6C91EA-9B17-41FE-BBE3-001CD2C300EE}"
EndProject
Project("{FAE04EC0-301F-11D3-BF4B-00C04F79EFBC}") = "CUIWhyThreads", "CUIWhyThreads\CUIWhyThreads.csproj", "{6395B69E-1C6B-49C4-80EB-6E0498585DA5}"
EndProject
Project("{FAE04EC0-301F-11D3-BF4B-00C04F79EFBC}") = "DUITasks", "DUITasks\DUITasks.csproj", "{C6FAB92A-626B-4D4D-A1FA-1D95476BD20E}"
EndProject
Project("{FAE04EC0-301F-11D3-BF4B-00C04F79EFBC}") = "EAsyncAwaitDissect", "EAsyncAwaitDissect\EAsyncAwaitDissect.csproj", "{AF73D915-EBD3-41B8-B770-57CF623D2CA8}"
EndProject
Global
	GlobalSection(SolutionConfigurationPlatforms) = preSolution
		Debug|Any CPU = Debug|Any CPU
		Release|Any CPU = Release|Any CPU
	EndGlobalSection
	GlobalSection(ProjectConfigurationPlatforms) = postSolution
		{1D6356E3-A761-4996-B59B-0C35EB742A96}.Debug|Any CPU.ActiveCfg = Debug|Any CPU
		{1D6356E3-A761-4996-B59B-0C35EB742A96}.Debug|Any CPU.Build.0 = Debug|Any CPU
		{1D6356E3-A761-4996-B59B-0C35EB742A96}.Release|Any CPU.ActiveCfg = Release|Any CPU
		{1D6356E3-A761-4996-B59B-0C35EB742A96}.Release|Any CPU.Build.0 = Release|Any CPU
		{CF6C91EA-9B17-41FE-BBE3-001CD2C300EE}.Debug|Any CPU.ActiveCfg = Debug|Any CPU
		{CF6C91EA-9B17-41FE-BBE3-001CD2C300EE}.Debug|Any CPU.Build.0 = Debug|Any CPU
		{CF6C91EA-9B17-41FE-BBE3-001CD2C300EE}.Release|Any CPU.ActiveCfg = Release|Any CPU
		{CF6C91EA-9B17-41FE-BBE3-001CD2C300EE}.Release|Any CPU.Build.0 = Release|Any CPU
		{6395B69E-1C6B-49C4-80EB-6E0498585DA5}.Debug|Any CPU.ActiveCfg = Debug|Any CPU
		{6395B69E-1C6B-49C4-80EB-6E0498585DA5}.Debug|Any CPU.Build.0 = Debug|Any CPU
		{6395B69E-1C6B-49C4-80EB-6E0498585DA5}.Release|Any CPU.ActiveCfg = Release|Any CPU
		{6395B69E-1C6B-49C4-80EB-6E0498585DA5}.Release|Any CPU.Build.0 = Release|Any CPU
		{C6FAB92A-626B-4D4D-A1FA-1D95476BD20E}.Debug|Any CPU.ActiveCfg = Debug|Any CPU
		{C6FAB92A-626B-4D4D-A1FA-1D95476BD20E}.Debug|Any CPU.Build.0 = Debug|Any CPU
		{C6FAB92A-626B-4D4D-A1FA-1D95476BD20E}.Release|Any CPU.ActiveCfg = Release|Any CPU
		{C6FAB92A-626B-4D4D-A1FA-1D95476BD20E}.Release|Any CPU.Build.0 = Release|Any CPU
		{AF73D915-EBD3-41B8-B770-57CF623D2CA8}.Debug|Any CPU.ActiveCfg = Debug|Any CPU
		{AF73D915-EBD3-41B8-B770-57CF623D2CA8}.Debug|Any CPU.Build.0 = Debug|Any CPU
		{AF73D915-EBD3-41B8-B770-57CF623D2CA8}.Release|Any CPU.ActiveCfg = Release|Any CPU
		{AF73D915-EBD3-41B8-B770-57CF623D2CA8}.Release|Any CPU.Build.0 = Release|Any CPU
	EndGlobalSection
	GlobalSection(SolutionProperties) = preSolution
		HideSolutionNode = FALSE
	EndGlobalSection
	GlobalSection(ExtensibilityGlobals) = postSolution
		SolutionGuid = {0DCEE57A-69ED-4B43-9F92-8375C66D81A6}
	EndGlobalSection
EndGlobal
